// !$*UTF8*$!
{
	archiveVersion = 1;
	classes = {
	};
	objectVersion = 46;
	objects = {

/* Begin PBXBuildFile section */
		0D088F391F50270B001BD835 /* Constants.swift in Sources */ = {isa = PBXBuildFile; fileRef = 0D088F381F50270B001BD835 /* Constants.swift */; };
		0D088F3E1F502D5E001BD835 /* MovieListViewModel.swift in Sources */ = {isa = PBXBuildFile; fileRef = 0D088F3D1F502D5E001BD835 /* MovieListViewModel.swift */; };
		0D088F401F503054001BD835 /* APIResults.swift in Sources */ = {isa = PBXBuildFile; fileRef = 0D088F3F1F503054001BD835 /* APIResults.swift */; };
		0D088F421F503083001BD835 /* MovieSource.swift in Sources */ = {isa = PBXBuildFile; fileRef = 0D088F411F503083001BD835 /* MovieSource.swift */; };
		0D088F441F50316E001BD835 /* GenreSource.swift in Sources */ = {isa = PBXBuildFile; fileRef = 0D088F431F50316E001BD835 /* GenreSource.swift */; };
		0D088F461F50317D001BD835 /* GenreManager.swift in Sources */ = {isa = PBXBuildFile; fileRef = 0D088F451F50317D001BD835 /* GenreManager.swift */; };
		0D088F481F504BBB001BD835 /* ActorSource.swift in Sources */ = {isa = PBXBuildFile; fileRef = 0D088F471F504BBB001BD835 /* ActorSource.swift */; };
		0D088F4A1F5051EA001BD835 /* ActorDetailViewModel.swift in Sources */ = {isa = PBXBuildFile; fileRef = 0D088F491F5051EA001BD835 /* ActorDetailViewModel.swift */; };
		0D088F4C1F506039001BD835 /* MovieDetailViewModel.swift in Sources */ = {isa = PBXBuildFile; fileRef = 0D088F4B1F506039001BD835 /* MovieDetailViewModel.swift */; };
		0D088F4E1F51931D001BD835 /* ActorPopularViewModel.swift in Sources */ = {isa = PBXBuildFile; fileRef = 0D088F4D1F51931D001BD835 /* ActorPopularViewModel.swift */; };
		0D0E83591F3E07BA00409A3B /* SearchToggleActorsViewController.swift in Sources */ = {isa = PBXBuildFile; fileRef = 0D0E83581F3E07BA00409A3B /* SearchToggleActorsViewController.swift */; };
		0D1C821E1F362AD100449F93 /* LoginViewController.swift in Sources */ = {isa = PBXBuildFile; fileRef = 0D1C821D1F362AD100449F93 /* LoginViewController.swift */; };
		0D1C82201F362AE400449F93 /* ForgotPasswordViewController.swift in Sources */ = {isa = PBXBuildFile; fileRef = 0D1C821F1F362AE400449F93 /* ForgotPasswordViewController.swift */; };
		0D1C82221F37132C00449F93 /* MovieFlow.storyboard in Resources */ = {isa = PBXBuildFile; fileRef = 0D1C82211F37132C00449F93 /* MovieFlow.storyboard */; };
		0D1C82241F371E8600449F93 /* SearchViewController.swift in Sources */ = {isa = PBXBuildFile; fileRef = 0D1C82231F371E8600449F93 /* SearchViewController.swift */; };
		0D1C822B1F3744B600449F93 /* searchItemCellTableViewCell.swift in Sources */ = {isa = PBXBuildFile; fileRef = 0D1C82291F3744B600449F93 /* searchItemCellTableViewCell.swift */; };
		0D1C822C1F3744B600449F93 /* searchItemCellTableViewCell.xib in Resources */ = {isa = PBXBuildFile; fileRef = 0D1C822A1F3744B600449F93 /* searchItemCellTableViewCell.xib */; };
		0D1C822F1F37472F00449F93 /* actorItemCell.swift in Sources */ = {isa = PBXBuildFile; fileRef = 0D1C822D1F37472F00449F93 /* actorItemCell.swift */; };
		0D1C82301F37472F00449F93 /* actorItemCell.xib in Resources */ = {isa = PBXBuildFile; fileRef = 0D1C822E1F37472F00449F93 /* actorItemCell.xib */; };
		0D51BC701F4380F20085AD75 /* MovieDetailVC.swift in Sources */ = {isa = PBXBuildFile; fileRef = 0D51BC6F1F4380F20085AD75 /* MovieDetailVC.swift */; };
		0D6347261F40A8A70032B7A0 /* Routers.swift in Sources */ = {isa = PBXBuildFile; fileRef = 0D6347251F40A8A70032B7A0 /* Routers.swift */; };
		0D6347361F42118A0032B7A0 /* Calibre-Black.otf in Resources */ = {isa = PBXBuildFile; fileRef = 0D6347281F42118A0032B7A0 /* Calibre-Black.otf */; };
		0D6347371F42118A0032B7A0 /* Calibre-BlackItalic.otf in Resources */ = {isa = PBXBuildFile; fileRef = 0D6347291F42118A0032B7A0 /* Calibre-BlackItalic.otf */; };
		0D6347381F42118A0032B7A0 /* Calibre-Bold.otf in Resources */ = {isa = PBXBuildFile; fileRef = 0D63472A1F42118A0032B7A0 /* Calibre-Bold.otf */; };
		0D6347391F42118A0032B7A0 /* Calibre-BoldItalic.otf in Resources */ = {isa = PBXBuildFile; fileRef = 0D63472B1F42118A0032B7A0 /* Calibre-BoldItalic.otf */; };
		0D63473A1F42118A0032B7A0 /* Calibre-Light.otf in Resources */ = {isa = PBXBuildFile; fileRef = 0D63472C1F42118A0032B7A0 /* Calibre-Light.otf */; };
		0D63473B1F42118A0032B7A0 /* Calibre-LightItalic.otf in Resources */ = {isa = PBXBuildFile; fileRef = 0D63472D1F42118A0032B7A0 /* Calibre-LightItalic.otf */; };
		0D63473C1F42118A0032B7A0 /* Calibre-Medium.otf in Resources */ = {isa = PBXBuildFile; fileRef = 0D63472E1F42118A0032B7A0 /* Calibre-Medium.otf */; };
		0D63473D1F42118A0032B7A0 /* Calibre-MediumItalic.otf in Resources */ = {isa = PBXBuildFile; fileRef = 0D63472F1F42118A0032B7A0 /* Calibre-MediumItalic.otf */; };
		0D63473E1F42118A0032B7A0 /* Calibre-Regular.otf in Resources */ = {isa = PBXBuildFile; fileRef = 0D6347301F42118A0032B7A0 /* Calibre-Regular.otf */; };
		0D63473F1F42118A0032B7A0 /* Calibre-RegularItalic.otf in Resources */ = {isa = PBXBuildFile; fileRef = 0D6347311F42118A0032B7A0 /* Calibre-RegularItalic.otf */; };
		0D6347401F42118A0032B7A0 /* Calibre-Semibold.otf in Resources */ = {isa = PBXBuildFile; fileRef = 0D6347321F42118A0032B7A0 /* Calibre-Semibold.otf */; };
		0D6347411F42118A0032B7A0 /* Calibre-SemiboldItalic.otf in Resources */ = {isa = PBXBuildFile; fileRef = 0D6347331F42118A0032B7A0 /* Calibre-SemiboldItalic.otf */; };
		0D6347421F42118A0032B7A0 /* Calibre-Thin.otf in Resources */ = {isa = PBXBuildFile; fileRef = 0D6347341F42118A0032B7A0 /* Calibre-Thin.otf */; };
		0D6347431F42118A0032B7A0 /* Calibre-ThinItalic.otf in Resources */ = {isa = PBXBuildFile; fileRef = 0D6347351F42118A0032B7A0 /* Calibre-ThinItalic.otf */; };
		0D80F07A1F3471A0001070C6 /* AppDelegate.swift in Sources */ = {isa = PBXBuildFile; fileRef = 0D80F0791F3471A0001070C6 /* AppDelegate.swift */; };
		0D80F07C1F3471A0001070C6 /* ViewController.swift in Sources */ = {isa = PBXBuildFile; fileRef = 0D80F07B1F3471A0001070C6 /* ViewController.swift */; };
		0D80F07F1F3471A0001070C6 /* Main.storyboard in Resources */ = {isa = PBXBuildFile; fileRef = 0D80F07D1F3471A0001070C6 /* Main.storyboard */; };
		0D80F0811F3471A0001070C6 /* Assets.xcassets in Resources */ = {isa = PBXBuildFile; fileRef = 0D80F0801F3471A0001070C6 /* Assets.xcassets */; };
		0D80F0841F3471A0001070C6 /* LaunchScreen.storyboard in Resources */ = {isa = PBXBuildFile; fileRef = 0D80F0821F3471A0001070C6 /* LaunchScreen.storyboard */; };
		0D80F08F1F3471A0001070C6 /* Moovie_BetaTests.swift in Sources */ = {isa = PBXBuildFile; fileRef = 0D80F08E1F3471A0001070C6 /* Moovie_BetaTests.swift */; };
		0D80F09A1F3471A0001070C6 /* Moovie_BetaUITests.swift in Sources */ = {isa = PBXBuildFile; fileRef = 0D80F0991F3471A0001070C6 /* Moovie_BetaUITests.swift */; };
		0D80F0AB1F34C2BC001070C6 /* HomeViewController.swift in Sources */ = {isa = PBXBuildFile; fileRef = 0D80F0AA1F34C2BC001070C6 /* HomeViewController.swift */; };
		0D80F0AE1F34C670001070C6 /* MovieCarouselTableViewCell.swift in Sources */ = {isa = PBXBuildFile; fileRef = 0D80F0AC1F34C670001070C6 /* MovieCarouselTableViewCell.swift */; };
		0D80F0AF1F34C670001070C6 /* MovieCarouselTableViewCell.xib in Resources */ = {isa = PBXBuildFile; fileRef = 0D80F0AD1F34C670001070C6 /* MovieCarouselTableViewCell.xib */; };
		0D80F0B11F34C7B4001070C6 /* OverviewViewController.swift in Sources */ = {isa = PBXBuildFile; fileRef = 0D80F0B01F34C7B4001070C6 /* OverviewViewController.swift */; };
		0D80F0B71F361AC0001070C6 /* SignUpViewController.swift in Sources */ = {isa = PBXBuildFile; fileRef = 0D80F0B61F361AC0001070C6 /* SignUpViewController.swift */; };
		0D87E3671F47164D004A9579 /* Entities_Movie.swift in Sources */ = {isa = PBXBuildFile; fileRef = 0D87E3661F47164D004A9579 /* Entities_Movie.swift */; };
		0D87E3691F471E1A004A9579 /* Entities_Images.swift in Sources */ = {isa = PBXBuildFile; fileRef = 0D87E3681F471E1A004A9579 /* Entities_Images.swift */; };
		0D87E36B1F471E46004A9579 /* Entities_Actor.swift in Sources */ = {isa = PBXBuildFile; fileRef = 0D87E36A1F471E46004A9579 /* Entities_Actor.swift */; };
		0D87E36E1F484204004A9579 /* CarouselLabelTableViewCell.swift in Sources */ = {isa = PBXBuildFile; fileRef = 0D87E36C1F484204004A9579 /* CarouselLabelTableViewCell.swift */; };
		0D87E36F1F484204004A9579 /* CarouselLabelTableViewCell.xib in Resources */ = {isa = PBXBuildFile; fileRef = 0D87E36D1F484204004A9579 /* CarouselLabelTableViewCell.xib */; };
		0D87E3721F484B85004A9579 /* MovieDescriptionTableViewCell.swift in Sources */ = {isa = PBXBuildFile; fileRef = 0D87E3701F484B85004A9579 /* MovieDescriptionTableViewCell.swift */; };
		0D87E3731F484B85004A9579 /* MovieDescriptionTableViewCell.xib in Resources */ = {isa = PBXBuildFile; fileRef = 0D87E3711F484B85004A9579 /* MovieDescriptionTableViewCell.xib */; };
		0D87E3761F484D13004A9579 /* AdditionalDetailInfo.swift in Sources */ = {isa = PBXBuildFile; fileRef = 0D87E3741F484D13004A9579 /* AdditionalDetailInfo.swift */; };
		0D87E3771F484D13004A9579 /* AdditionalDetailInfo.xib in Resources */ = {isa = PBXBuildFile; fileRef = 0D87E3751F484D13004A9579 /* AdditionalDetailInfo.xib */; };
		0D87E37A1F484E71004A9579 /* carouselHeaderOnelinerTableViewCell.swift in Sources */ = {isa = PBXBuildFile; fileRef = 0D87E3781F484E71004A9579 /* carouselHeaderOnelinerTableViewCell.swift */; };
		0D87E37B1F484E71004A9579 /* carouselHeaderOnelinerTableViewCell.xib in Resources */ = {isa = PBXBuildFile; fileRef = 0D87E3791F484E71004A9579 /* carouselHeaderOnelinerTableViewCell.xib */; };
		0D87E37E1F485419004A9579 /* PictureWithTitleCollectionViewCell.swift in Sources */ = {isa = PBXBuildFile; fileRef = 0D87E37C1F485419004A9579 /* PictureWithTitleCollectionViewCell.swift */; };
		0D87E37F1F485419004A9579 /* PictureWithTitleCollectionViewCell.xib in Resources */ = {isa = PBXBuildFile; fileRef = 0D87E37D1F485419004A9579 /* PictureWithTitleCollectionViewCell.xib */; };
		0D87E3821F4855CA004A9579 /* VideoTableViewCell.swift in Sources */ = {isa = PBXBuildFile; fileRef = 0D87E3801F4855CA004A9579 /* VideoTableViewCell.swift */; };
		0D87E3831F4855CA004A9579 /* VideoTableViewCell.xib in Resources */ = {isa = PBXBuildFile; fileRef = 0D87E3811F4855CA004A9579 /* VideoTableViewCell.xib */; };
		0D87E3881F4856BC004A9579 /* ReviewTableViewCell.swift in Sources */ = {isa = PBXBuildFile; fileRef = 0D87E3861F4856BB004A9579 /* ReviewTableViewCell.swift */; };
		0D87E3891F4856BC004A9579 /* ReviewTableViewCell.xib in Resources */ = {isa = PBXBuildFile; fileRef = 0D87E3871F4856BB004A9579 /* ReviewTableViewCell.xib */; };
		0D8BD85B1F39F6E900161494 /* ActorDetailVC.swift in Sources */ = {isa = PBXBuildFile; fileRef = 0D8BD85A1F39F6E900161494 /* ActorDetailVC.swift */; };
		0D8BD85D1F39F98C00161494 /* FilterVC.swift in Sources */ = {isa = PBXBuildFile; fileRef = 0D8BD85C1F39F98C00161494 /* FilterVC.swift */; };
		0D8BD85F1F39FE3E00161494 /* ActorsOverviewVC.swift in Sources */ = {isa = PBXBuildFile; fileRef = 0D8BD85E1F39FE3E00161494 /* ActorsOverviewVC.swift */; };
		0D8BD8611F3A06E600161494 /* MyViewCellCollectionViewCell.swift in Sources */ = {isa = PBXBuildFile; fileRef = 0D8BD8601F3A06E600161494 /* MyViewCellCollectionViewCell.swift */; };
		0D8BD8631F3A155F00161494 /* SearchToggleViewController.swift in Sources */ = {isa = PBXBuildFile; fileRef = 0D8BD8621F3A155F00161494 /* SearchToggleViewController.swift */; };
		0D8BD8661F3A569600161494 /* filterCellTableViewCell.swift in Sources */ = {isa = PBXBuildFile; fileRef = 0D8BD8651F3A569600161494 /* filterCellTableViewCell.swift */; };
		0D8BD86A1F3B1BBC00161494 /* CustomTapBarViewController.swift in Sources */ = {isa = PBXBuildFile; fileRef = 0D8BD8691F3B1BBC00161494 /* CustomTapBarViewController.swift */; };
		0D8BD86C1F3D96A300161494 /* CustomNavBarViewController.swift in Sources */ = {isa = PBXBuildFile; fileRef = 0D8BD86B1F3D96A300161494 /* CustomNavBarViewController.swift */; };
		0D8BD8701F3DD08E00161494 /* ProfileViewController.swift in Sources */ = {isa = PBXBuildFile; fileRef = 0D8BD86F1F3DD08E00161494 /* ProfileViewController.swift */; };
		0DA93E191F384FD9006BE8D5 /* MovieCollectionViewCell.swift in Sources */ = {isa = PBXBuildFile; fileRef = 0DA93E181F384FD9006BE8D5 /* MovieCollectionViewCell.swift */; };
		0DA93E1B1F384FE8006BE8D5 /* MovieCollectionViewCell.xib in Resources */ = {isa = PBXBuildFile; fileRef = 0DA93E1A1F384FE8006BE8D5 /* MovieCollectionViewCell.xib */; };
		0DC8A4031F548B4E00FEA58A /* ActorSearchViewModel.swift in Sources */ = {isa = PBXBuildFile; fileRef = 0DC8A4021F548B4E00FEA58A /* ActorSearchViewModel.swift */; };
		0DC8A4051F548BF200FEA58A /* MovieSearchViewModel.swift in Sources */ = {isa = PBXBuildFile; fileRef = 0DC8A4041F548BF200FEA58A /* MovieSearchViewModel.swift */; };
		C7970078BA6ACD7847EC21B7 /* Pods_Moovie_Beta.framework in Frameworks */ = {isa = PBXBuildFile; fileRef = B9E4E14C5B231F5C8047D668 /* Pods_Moovie_Beta.framework */; };
/* End PBXBuildFile section */

/* Begin PBXContainerItemProxy section */
		0D80F08B1F3471A0001070C6 /* PBXContainerItemProxy */ = {
			isa = PBXContainerItemProxy;
			containerPortal = 0D80F06E1F3471A0001070C6 /* Project object */;
			proxyType = 1;
			remoteGlobalIDString = 0D80F0751F3471A0001070C6;
			remoteInfo = Moovie_Beta;
		};
		0D80F0961F3471A0001070C6 /* PBXContainerItemProxy */ = {
			isa = PBXContainerItemProxy;
			containerPortal = 0D80F06E1F3471A0001070C6 /* Project object */;
			proxyType = 1;
			remoteGlobalIDString = 0D80F0751F3471A0001070C6;
			remoteInfo = Moovie_Beta;
		};
/* End PBXContainerItemProxy section */

/* Begin PBXFileReference section */
		0D088F381F50270B001BD835 /* Constants.swift */ = {isa = PBXFileReference; fileEncoding = 4; lastKnownFileType = sourcecode.swift; path = Constants.swift; sourceTree = "<group>"; };
		0D088F3D1F502D5E001BD835 /* MovieListViewModel.swift */ = {isa = PBXFileReference; fileEncoding = 4; lastKnownFileType = sourcecode.swift; path = MovieListViewModel.swift; sourceTree = "<group>"; };
		0D088F3F1F503054001BD835 /* APIResults.swift */ = {isa = PBXFileReference; fileEncoding = 4; lastKnownFileType = sourcecode.swift; path = APIResults.swift; sourceTree = "<group>"; };
		0D088F411F503083001BD835 /* MovieSource.swift */ = {isa = PBXFileReference; fileEncoding = 4; lastKnownFileType = sourcecode.swift; path = MovieSource.swift; sourceTree = "<group>"; };
		0D088F431F50316E001BD835 /* GenreSource.swift */ = {isa = PBXFileReference; fileEncoding = 4; lastKnownFileType = sourcecode.swift; path = GenreSource.swift; sourceTree = "<group>"; };
		0D088F451F50317D001BD835 /* GenreManager.swift */ = {isa = PBXFileReference; fileEncoding = 4; lastKnownFileType = sourcecode.swift; path = GenreManager.swift; sourceTree = "<group>"; };
		0D088F471F504BBB001BD835 /* ActorSource.swift */ = {isa = PBXFileReference; fileEncoding = 4; lastKnownFileType = sourcecode.swift; path = ActorSource.swift; sourceTree = "<group>"; };
		0D088F491F5051EA001BD835 /* ActorDetailViewModel.swift */ = {isa = PBXFileReference; fileEncoding = 4; lastKnownFileType = sourcecode.swift; path = ActorDetailViewModel.swift; sourceTree = "<group>"; };
		0D088F4B1F506039001BD835 /* MovieDetailViewModel.swift */ = {isa = PBXFileReference; fileEncoding = 4; lastKnownFileType = sourcecode.swift; path = MovieDetailViewModel.swift; sourceTree = "<group>"; };
		0D088F4D1F51931D001BD835 /* ActorPopularViewModel.swift */ = {isa = PBXFileReference; fileEncoding = 4; lastKnownFileType = sourcecode.swift; path = ActorPopularViewModel.swift; sourceTree = "<group>"; };
		0D0E83581F3E07BA00409A3B /* SearchToggleActorsViewController.swift */ = {isa = PBXFileReference; fileEncoding = 4; lastKnownFileType = sourcecode.swift; path = SearchToggleActorsViewController.swift; sourceTree = "<group>"; };
		0D1C821D1F362AD100449F93 /* LoginViewController.swift */ = {isa = PBXFileReference; fileEncoding = 4; lastKnownFileType = sourcecode.swift; path = LoginViewController.swift; sourceTree = "<group>"; };
		0D1C821F1F362AE400449F93 /* ForgotPasswordViewController.swift */ = {isa = PBXFileReference; fileEncoding = 4; lastKnownFileType = sourcecode.swift; path = ForgotPasswordViewController.swift; sourceTree = "<group>"; };
		0D1C82211F37132C00449F93 /* MovieFlow.storyboard */ = {isa = PBXFileReference; fileEncoding = 4; lastKnownFileType = file.storyboard; path = MovieFlow.storyboard; sourceTree = "<group>"; };
		0D1C82231F371E8600449F93 /* SearchViewController.swift */ = {isa = PBXFileReference; fileEncoding = 4; lastKnownFileType = sourcecode.swift; path = SearchViewController.swift; sourceTree = "<group>"; };
		0D1C82291F3744B600449F93 /* searchItemCellTableViewCell.swift */ = {isa = PBXFileReference; fileEncoding = 4; lastKnownFileType = sourcecode.swift; path = searchItemCellTableViewCell.swift; sourceTree = "<group>"; };
		0D1C822A1F3744B600449F93 /* searchItemCellTableViewCell.xib */ = {isa = PBXFileReference; fileEncoding = 4; lastKnownFileType = file.xib; path = searchItemCellTableViewCell.xib; sourceTree = "<group>"; };
		0D1C822D1F37472F00449F93 /* actorItemCell.swift */ = {isa = PBXFileReference; fileEncoding = 4; lastKnownFileType = sourcecode.swift; path = actorItemCell.swift; sourceTree = "<group>"; };
		0D1C822E1F37472F00449F93 /* actorItemCell.xib */ = {isa = PBXFileReference; fileEncoding = 4; lastKnownFileType = file.xib; path = actorItemCell.xib; sourceTree = "<group>"; };
		0D51BC6F1F4380F20085AD75 /* MovieDetailVC.swift */ = {isa = PBXFileReference; fileEncoding = 4; lastKnownFileType = sourcecode.swift; path = MovieDetailVC.swift; sourceTree = "<group>"; };
		0D6347251F40A8A70032B7A0 /* Routers.swift */ = {isa = PBXFileReference; fileEncoding = 4; lastKnownFileType = sourcecode.swift; path = Routers.swift; sourceTree = "<group>"; };
		0D6347281F42118A0032B7A0 /* Calibre-Black.otf */ = {isa = PBXFileReference; lastKnownFileType = file; path = "Calibre-Black.otf"; sourceTree = "<group>"; };
		0D6347291F42118A0032B7A0 /* Calibre-BlackItalic.otf */ = {isa = PBXFileReference; lastKnownFileType = file; path = "Calibre-BlackItalic.otf"; sourceTree = "<group>"; };
		0D63472A1F42118A0032B7A0 /* Calibre-Bold.otf */ = {isa = PBXFileReference; lastKnownFileType = file; path = "Calibre-Bold.otf"; sourceTree = "<group>"; };
		0D63472B1F42118A0032B7A0 /* Calibre-BoldItalic.otf */ = {isa = PBXFileReference; lastKnownFileType = file; path = "Calibre-BoldItalic.otf"; sourceTree = "<group>"; };
		0D63472C1F42118A0032B7A0 /* Calibre-Light.otf */ = {isa = PBXFileReference; lastKnownFileType = file; path = "Calibre-Light.otf"; sourceTree = "<group>"; };
		0D63472D1F42118A0032B7A0 /* Calibre-LightItalic.otf */ = {isa = PBXFileReference; lastKnownFileType = file; path = "Calibre-LightItalic.otf"; sourceTree = "<group>"; };
		0D63472E1F42118A0032B7A0 /* Calibre-Medium.otf */ = {isa = PBXFileReference; lastKnownFileType = file; path = "Calibre-Medium.otf"; sourceTree = "<group>"; };
		0D63472F1F42118A0032B7A0 /* Calibre-MediumItalic.otf */ = {isa = PBXFileReference; lastKnownFileType = file; path = "Calibre-MediumItalic.otf"; sourceTree = "<group>"; };
		0D6347301F42118A0032B7A0 /* Calibre-Regular.otf */ = {isa = PBXFileReference; lastKnownFileType = file; path = "Calibre-Regular.otf"; sourceTree = "<group>"; };
		0D6347311F42118A0032B7A0 /* Calibre-RegularItalic.otf */ = {isa = PBXFileReference; lastKnownFileType = file; path = "Calibre-RegularItalic.otf"; sourceTree = "<group>"; };
		0D6347321F42118A0032B7A0 /* Calibre-Semibold.otf */ = {isa = PBXFileReference; lastKnownFileType = file; path = "Calibre-Semibold.otf"; sourceTree = "<group>"; };
		0D6347331F42118A0032B7A0 /* Calibre-SemiboldItalic.otf */ = {isa = PBXFileReference; lastKnownFileType = file; path = "Calibre-SemiboldItalic.otf"; sourceTree = "<group>"; };
		0D6347341F42118A0032B7A0 /* Calibre-Thin.otf */ = {isa = PBXFileReference; lastKnownFileType = file; path = "Calibre-Thin.otf"; sourceTree = "<group>"; };
		0D6347351F42118A0032B7A0 /* Calibre-ThinItalic.otf */ = {isa = PBXFileReference; lastKnownFileType = file; path = "Calibre-ThinItalic.otf"; sourceTree = "<group>"; };
		0D80F0761F3471A0001070C6 /* Moovie_Beta.app */ = {isa = PBXFileReference; explicitFileType = wrapper.application; includeInIndex = 0; path = Moovie_Beta.app; sourceTree = BUILT_PRODUCTS_DIR; };
		0D80F0791F3471A0001070C6 /* AppDelegate.swift */ = {isa = PBXFileReference; lastKnownFileType = sourcecode.swift; path = AppDelegate.swift; sourceTree = "<group>"; };
		0D80F07B1F3471A0001070C6 /* ViewController.swift */ = {isa = PBXFileReference; lastKnownFileType = sourcecode.swift; path = ViewController.swift; sourceTree = "<group>"; };
		0D80F07E1F3471A0001070C6 /* Base */ = {isa = PBXFileReference; lastKnownFileType = file.storyboard; name = Base; path = Base.lproj/Main.storyboard; sourceTree = "<group>"; };
		0D80F0801F3471A0001070C6 /* Assets.xcassets */ = {isa = PBXFileReference; lastKnownFileType = folder.assetcatalog; path = Assets.xcassets; sourceTree = "<group>"; };
		0D80F0831F3471A0001070C6 /* Base */ = {isa = PBXFileReference; lastKnownFileType = file.storyboard; name = Base; path = Base.lproj/LaunchScreen.storyboard; sourceTree = "<group>"; };
		0D80F0851F3471A0001070C6 /* Info.plist */ = {isa = PBXFileReference; lastKnownFileType = text.plist.xml; path = Info.plist; sourceTree = "<group>"; };
		0D80F08A1F3471A0001070C6 /* Moovie_BetaTests.xctest */ = {isa = PBXFileReference; explicitFileType = wrapper.cfbundle; includeInIndex = 0; path = Moovie_BetaTests.xctest; sourceTree = BUILT_PRODUCTS_DIR; };
		0D80F08E1F3471A0001070C6 /* Moovie_BetaTests.swift */ = {isa = PBXFileReference; lastKnownFileType = sourcecode.swift; path = Moovie_BetaTests.swift; sourceTree = "<group>"; };
		0D80F0901F3471A0001070C6 /* Info.plist */ = {isa = PBXFileReference; lastKnownFileType = text.plist.xml; path = Info.plist; sourceTree = "<group>"; };
		0D80F0951F3471A0001070C6 /* Moovie_BetaUITests.xctest */ = {isa = PBXFileReference; explicitFileType = wrapper.cfbundle; includeInIndex = 0; path = Moovie_BetaUITests.xctest; sourceTree = BUILT_PRODUCTS_DIR; };
		0D80F0991F3471A0001070C6 /* Moovie_BetaUITests.swift */ = {isa = PBXFileReference; lastKnownFileType = sourcecode.swift; path = Moovie_BetaUITests.swift; sourceTree = "<group>"; };
		0D80F09B1F3471A0001070C6 /* Info.plist */ = {isa = PBXFileReference; lastKnownFileType = text.plist.xml; path = Info.plist; sourceTree = "<group>"; };
		0D80F0AA1F34C2BC001070C6 /* HomeViewController.swift */ = {isa = PBXFileReference; fileEncoding = 4; lastKnownFileType = sourcecode.swift; path = HomeViewController.swift; sourceTree = "<group>"; };
		0D80F0AC1F34C670001070C6 /* MovieCarouselTableViewCell.swift */ = {isa = PBXFileReference; fileEncoding = 4; lastKnownFileType = sourcecode.swift; path = MovieCarouselTableViewCell.swift; sourceTree = "<group>"; };
		0D80F0AD1F34C670001070C6 /* MovieCarouselTableViewCell.xib */ = {isa = PBXFileReference; fileEncoding = 4; lastKnownFileType = file.xib; path = MovieCarouselTableViewCell.xib; sourceTree = "<group>"; };
		0D80F0B01F34C7B4001070C6 /* OverviewViewController.swift */ = {isa = PBXFileReference; fileEncoding = 4; lastKnownFileType = sourcecode.swift; path = OverviewViewController.swift; sourceTree = "<group>"; };
		0D80F0B61F361AC0001070C6 /* SignUpViewController.swift */ = {isa = PBXFileReference; fileEncoding = 4; lastKnownFileType = sourcecode.swift; path = SignUpViewController.swift; sourceTree = "<group>"; };
		0D87E3661F47164D004A9579 /* Entities_Movie.swift */ = {isa = PBXFileReference; fileEncoding = 4; lastKnownFileType = sourcecode.swift; path = Entities_Movie.swift; sourceTree = "<group>"; };
		0D87E3681F471E1A004A9579 /* Entities_Images.swift */ = {isa = PBXFileReference; fileEncoding = 4; lastKnownFileType = sourcecode.swift; path = Entities_Images.swift; sourceTree = "<group>"; };
		0D87E36A1F471E46004A9579 /* Entities_Actor.swift */ = {isa = PBXFileReference; fileEncoding = 4; lastKnownFileType = sourcecode.swift; path = Entities_Actor.swift; sourceTree = "<group>"; };
		0D87E36C1F484204004A9579 /* CarouselLabelTableViewCell.swift */ = {isa = PBXFileReference; fileEncoding = 4; lastKnownFileType = sourcecode.swift; path = CarouselLabelTableViewCell.swift; sourceTree = "<group>"; };
		0D87E36D1F484204004A9579 /* CarouselLabelTableViewCell.xib */ = {isa = PBXFileReference; fileEncoding = 4; lastKnownFileType = file.xib; path = CarouselLabelTableViewCell.xib; sourceTree = "<group>"; };
		0D87E3701F484B85004A9579 /* MovieDescriptionTableViewCell.swift */ = {isa = PBXFileReference; fileEncoding = 4; lastKnownFileType = sourcecode.swift; path = MovieDescriptionTableViewCell.swift; sourceTree = "<group>"; };
		0D87E3711F484B85004A9579 /* MovieDescriptionTableViewCell.xib */ = {isa = PBXFileReference; fileEncoding = 4; lastKnownFileType = file.xib; path = MovieDescriptionTableViewCell.xib; sourceTree = "<group>"; };
		0D87E3741F484D13004A9579 /* AdditionalDetailInfo.swift */ = {isa = PBXFileReference; fileEncoding = 4; lastKnownFileType = sourcecode.swift; path = AdditionalDetailInfo.swift; sourceTree = "<group>"; };
		0D87E3751F484D13004A9579 /* AdditionalDetailInfo.xib */ = {isa = PBXFileReference; fileEncoding = 4; lastKnownFileType = file.xib; path = AdditionalDetailInfo.xib; sourceTree = "<group>"; };
		0D87E3781F484E71004A9579 /* carouselHeaderOnelinerTableViewCell.swift */ = {isa = PBXFileReference; fileEncoding = 4; lastKnownFileType = sourcecode.swift; path = carouselHeaderOnelinerTableViewCell.swift; sourceTree = "<group>"; };
		0D87E3791F484E71004A9579 /* carouselHeaderOnelinerTableViewCell.xib */ = {isa = PBXFileReference; fileEncoding = 4; lastKnownFileType = file.xib; path = carouselHeaderOnelinerTableViewCell.xib; sourceTree = "<group>"; };
		0D87E37C1F485419004A9579 /* PictureWithTitleCollectionViewCell.swift */ = {isa = PBXFileReference; fileEncoding = 4; lastKnownFileType = sourcecode.swift; path = PictureWithTitleCollectionViewCell.swift; sourceTree = "<group>"; };
		0D87E37D1F485419004A9579 /* PictureWithTitleCollectionViewCell.xib */ = {isa = PBXFileReference; fileEncoding = 4; lastKnownFileType = file.xib; path = PictureWithTitleCollectionViewCell.xib; sourceTree = "<group>"; };
		0D87E3801F4855CA004A9579 /* VideoTableViewCell.swift */ = {isa = PBXFileReference; fileEncoding = 4; lastKnownFileType = sourcecode.swift; path = VideoTableViewCell.swift; sourceTree = "<group>"; };
		0D87E3811F4855CA004A9579 /* VideoTableViewCell.xib */ = {isa = PBXFileReference; fileEncoding = 4; lastKnownFileType = file.xib; path = VideoTableViewCell.xib; sourceTree = "<group>"; };
		0D87E3861F4856BB004A9579 /* ReviewTableViewCell.swift */ = {isa = PBXFileReference; fileEncoding = 4; lastKnownFileType = sourcecode.swift; path = ReviewTableViewCell.swift; sourceTree = "<group>"; };
		0D87E3871F4856BB004A9579 /* ReviewTableViewCell.xib */ = {isa = PBXFileReference; fileEncoding = 4; lastKnownFileType = file.xib; path = ReviewTableViewCell.xib; sourceTree = "<group>"; };
		0D8BD85A1F39F6E900161494 /* ActorDetailVC.swift */ = {isa = PBXFileReference; fileEncoding = 4; lastKnownFileType = sourcecode.swift; path = ActorDetailVC.swift; sourceTree = "<group>"; };
		0D8BD85C1F39F98C00161494 /* FilterVC.swift */ = {isa = PBXFileReference; fileEncoding = 4; lastKnownFileType = sourcecode.swift; path = FilterVC.swift; sourceTree = "<group>"; };
		0D8BD85E1F39FE3E00161494 /* ActorsOverviewVC.swift */ = {isa = PBXFileReference; fileEncoding = 4; lastKnownFileType = sourcecode.swift; path = ActorsOverviewVC.swift; sourceTree = "<group>"; };
		0D8BD8601F3A06E600161494 /* MyViewCellCollectionViewCell.swift */ = {isa = PBXFileReference; fileEncoding = 4; lastKnownFileType = sourcecode.swift; path = MyViewCellCollectionViewCell.swift; sourceTree = "<group>"; };
		0D8BD8621F3A155F00161494 /* SearchToggleViewController.swift */ = {isa = PBXFileReference; fileEncoding = 4; lastKnownFileType = sourcecode.swift; path = SearchToggleViewController.swift; sourceTree = "<group>"; };
		0D8BD8651F3A569600161494 /* filterCellTableViewCell.swift */ = {isa = PBXFileReference; fileEncoding = 4; lastKnownFileType = sourcecode.swift; path = filterCellTableViewCell.swift; sourceTree = "<group>"; };
		0D8BD8691F3B1BBC00161494 /* CustomTapBarViewController.swift */ = {isa = PBXFileReference; fileEncoding = 4; lastKnownFileType = sourcecode.swift; path = CustomTapBarViewController.swift; sourceTree = "<group>"; };
		0D8BD86B1F3D96A300161494 /* CustomNavBarViewController.swift */ = {isa = PBXFileReference; fileEncoding = 4; lastKnownFileType = sourcecode.swift; path = CustomNavBarViewController.swift; sourceTree = "<group>"; };
		0D8BD86F1F3DD08E00161494 /* ProfileViewController.swift */ = {isa = PBXFileReference; fileEncoding = 4; lastKnownFileType = sourcecode.swift; path = ProfileViewController.swift; sourceTree = "<group>"; };
		0DA93E181F384FD9006BE8D5 /* MovieCollectionViewCell.swift */ = {isa = PBXFileReference; fileEncoding = 4; lastKnownFileType = sourcecode.swift; path = MovieCollectionViewCell.swift; sourceTree = "<group>"; };
		0DA93E1A1F384FE8006BE8D5 /* MovieCollectionViewCell.xib */ = {isa = PBXFileReference; fileEncoding = 4; lastKnownFileType = file.xib; path = MovieCollectionViewCell.xib; sourceTree = "<group>"; };
		0DC8A4021F548B4E00FEA58A /* ActorSearchViewModel.swift */ = {isa = PBXFileReference; fileEncoding = 4; lastKnownFileType = sourcecode.swift; path = ActorSearchViewModel.swift; sourceTree = "<group>"; };
		0DC8A4041F548BF200FEA58A /* MovieSearchViewModel.swift */ = {isa = PBXFileReference; fileEncoding = 4; lastKnownFileType = sourcecode.swift; path = MovieSearchViewModel.swift; sourceTree = "<group>"; };
		2097077F9C12423409740918 /* Pods-Moovie_Beta.release.xcconfig */ = {isa = PBXFileReference; includeInIndex = 1; lastKnownFileType = text.xcconfig; name = "Pods-Moovie_Beta.release.xcconfig"; path = "Pods/Target Support Files/Pods-Moovie_Beta/Pods-Moovie_Beta.release.xcconfig"; sourceTree = "<group>"; };
		A5A39984C4004947B692A039 /* Pods-Moovie_Beta.debug.xcconfig */ = {isa = PBXFileReference; includeInIndex = 1; lastKnownFileType = text.xcconfig; name = "Pods-Moovie_Beta.debug.xcconfig"; path = "Pods/Target Support Files/Pods-Moovie_Beta/Pods-Moovie_Beta.debug.xcconfig"; sourceTree = "<group>"; };
		B9E4E14C5B231F5C8047D668 /* Pods_Moovie_Beta.framework */ = {isa = PBXFileReference; explicitFileType = wrapper.framework; includeInIndex = 0; path = Pods_Moovie_Beta.framework; sourceTree = BUILT_PRODUCTS_DIR; };
/* End PBXFileReference section */

/* Begin PBXFrameworksBuildPhase section */
		0D80F0731F3471A0001070C6 /* Frameworks */ = {
			isa = PBXFrameworksBuildPhase;
			buildActionMask = 2147483647;
			files = (
				C7970078BA6ACD7847EC21B7 /* Pods_Moovie_Beta.framework in Frameworks */,
			);
			runOnlyForDeploymentPostprocessing = 0;
		};
		0D80F0871F3471A0001070C6 /* Frameworks */ = {
			isa = PBXFrameworksBuildPhase;
			buildActionMask = 2147483647;
			files = (
			);
			runOnlyForDeploymentPostprocessing = 0;
		};
		0D80F0921F3471A0001070C6 /* Frameworks */ = {
			isa = PBXFrameworksBuildPhase;
			buildActionMask = 2147483647;
			files = (
			);
			runOnlyForDeploymentPostprocessing = 0;
		};
/* End PBXFrameworksBuildPhase section */

/* Begin PBXGroup section */
		0D088F3A1F502869001BD835 /* View */ = {
			isa = PBXGroup;
			children = (
				0D80F0B01F34C7B4001070C6 /* OverviewViewController.swift */,
				0D8BD85A1F39F6E900161494 /* ActorDetailVC.swift */,
				0D51BC6F1F4380F20085AD75 /* MovieDetailVC.swift */,
				0D8BD85E1F39FE3E00161494 /* ActorsOverviewVC.swift */,
				0D1C82231F371E8600449F93 /* SearchViewController.swift */,
				0D8BD8621F3A155F00161494 /* SearchToggleViewController.swift */,
				0D0E83581F3E07BA00409A3B /* SearchToggleActorsViewController.swift */,
				0D8BD8591F39D13200161494 /* Xibs */,
			);
			name = View;
			sourceTree = "<group>";
		};
		0D088F3B1F502873001BD835 /* ViewModel */ = {
			isa = PBXGroup;
			children = (
				0D088F3D1F502D5E001BD835 /* MovieListViewModel.swift */,
				0D088F491F5051EA001BD835 /* ActorDetailViewModel.swift */,
				0D088F4B1F506039001BD835 /* MovieDetailViewModel.swift */,
				0D088F4D1F51931D001BD835 /* ActorPopularViewModel.swift */,
				0DC8A4021F548B4E00FEA58A /* ActorSearchViewModel.swift */,
				0DC8A4041F548BF200FEA58A /* MovieSearchViewModel.swift */,
			);
			name = ViewModel;
			sourceTree = "<group>";
		};
		0D088F3C1F502883001BD835 /* Model */ = {
			isa = PBXGroup;
			children = (
				0D088F471F504BBB001BD835 /* ActorSource.swift */,
				0D088F3F1F503054001BD835 /* APIResults.swift */,
				0D87E36A1F471E46004A9579 /* Entities_Actor.swift */,
				0D87E3661F47164D004A9579 /* Entities_Movie.swift */,
				0D088F451F50317D001BD835 /* GenreManager.swift */,
				0D088F431F50316E001BD835 /* GenreSource.swift */,
				0D088F411F503083001BD835 /* MovieSource.swift */,
				0D6347251F40A8A70032B7A0 /* Routers.swift */,
			);
			name = Model;
			sourceTree = "<group>";
		};
		0D6347271F42118A0032B7A0 /* Calibre */ = {
			isa = PBXGroup;
			children = (
				0D6347281F42118A0032B7A0 /* Calibre-Black.otf */,
				0D6347291F42118A0032B7A0 /* Calibre-BlackItalic.otf */,
				0D63472A1F42118A0032B7A0 /* Calibre-Bold.otf */,
				0D63472B1F42118A0032B7A0 /* Calibre-BoldItalic.otf */,
				0D63472C1F42118A0032B7A0 /* Calibre-Light.otf */,
				0D63472D1F42118A0032B7A0 /* Calibre-LightItalic.otf */,
				0D63472E1F42118A0032B7A0 /* Calibre-Medium.otf */,
				0D63472F1F42118A0032B7A0 /* Calibre-MediumItalic.otf */,
				0D6347301F42118A0032B7A0 /* Calibre-Regular.otf */,
				0D6347311F42118A0032B7A0 /* Calibre-RegularItalic.otf */,
				0D6347321F42118A0032B7A0 /* Calibre-Semibold.otf */,
				0D6347331F42118A0032B7A0 /* Calibre-SemiboldItalic.otf */,
				0D6347341F42118A0032B7A0 /* Calibre-Thin.otf */,
				0D6347351F42118A0032B7A0 /* Calibre-ThinItalic.otf */,
			);
			path = Calibre;
			sourceTree = "<group>";
		};
		0D80F06D1F3471A0001070C6 = {
			isa = PBXGroup;
			children = (
				0D80F0781F3471A0001070C6 /* Moovie_Beta */,
				0D80F08D1F3471A0001070C6 /* Moovie_BetaTests */,
				0D80F0981F3471A0001070C6 /* Moovie_BetaUITests */,
				0D80F0771F3471A0001070C6 /* Products */,
				B764ED28BACDE7C0FCA8E730 /* Pods */,
				7BC2B72E76EFA118BE2D8EA6 /* Frameworks */,
			);
			sourceTree = "<group>";
		};
		0D80F0771F3471A0001070C6 /* Products */ = {
			isa = PBXGroup;
			children = (
				0D80F0761F3471A0001070C6 /* Moovie_Beta.app */,
				0D80F08A1F3471A0001070C6 /* Moovie_BetaTests.xctest */,
				0D80F0951F3471A0001070C6 /* Moovie_BetaUITests.xctest */,
			);
			name = Products;
			sourceTree = "<group>";
		};
		0D80F0781F3471A0001070C6 /* Moovie_Beta */ = {
			isa = PBXGroup;
			children = (
				0D088F3C1F502883001BD835 /* Model */,
				0D088F3B1F502873001BD835 /* ViewModel */,
				0D088F3A1F502869001BD835 /* View */,
				0D87E3651F471624004A9579 /* Network */,
				0D80F0801F3471A0001070C6 /* Assets.xcassets */,
				0D6347271F42118A0032B7A0 /* Calibre */,
				0D8BD8581F39D0FF00161494 /* Storyboards */,
				0D80F0A71F34C220001070C6 /* ViewControllers */,
				0D80F0791F3471A0001070C6 /* AppDelegate.swift */,
				0D088F381F50270B001BD835 /* Constants.swift */,
				0D80F07B1F3471A0001070C6 /* ViewController.swift */,
				0D80F0851F3471A0001070C6 /* Info.plist */,
			);
			path = Moovie_Beta;
			sourceTree = "<group>";
		};
		0D80F08D1F3471A0001070C6 /* Moovie_BetaTests */ = {
			isa = PBXGroup;
			children = (
				0D80F08E1F3471A0001070C6 /* Moovie_BetaTests.swift */,
				0D80F0901F3471A0001070C6 /* Info.plist */,
			);
			path = Moovie_BetaTests;
			sourceTree = "<group>";
		};
		0D80F0981F3471A0001070C6 /* Moovie_BetaUITests */ = {
			isa = PBXGroup;
			children = (
				0D80F0991F3471A0001070C6 /* Moovie_BetaUITests.swift */,
				0D80F09B1F3471A0001070C6 /* Info.plist */,
			);
			path = Moovie_BetaUITests;
			sourceTree = "<group>";
		};
		0D80F0A71F34C220001070C6 /* ViewControllers */ = {
			isa = PBXGroup;
			children = (
				0D8BD86B1F3D96A300161494 /* CustomNavBarViewController.swift */,
				0D8BD8691F3B1BBC00161494 /* CustomTapBarViewController.swift */,
				0D8BD85C1F39F98C00161494 /* FilterVC.swift */,
				0D8BD8651F3A569600161494 /* filterCellTableViewCell.swift */,
				0D1C821F1F362AE400449F93 /* ForgotPasswordViewController.swift */,
				0D80F0AA1F34C2BC001070C6 /* HomeViewController.swift */,
				0D1C821D1F362AD100449F93 /* LoginViewController.swift */,
				0D8BD8601F3A06E600161494 /* MyViewCellCollectionViewCell.swift */,
				0D8BD86F1F3DD08E00161494 /* ProfileViewController.swift */,
				0D80F0B61F361AC0001070C6 /* SignUpViewController.swift */,
			);
			name = ViewControllers;
			sourceTree = "<group>";
		};
		0D87E3651F471624004A9579 /* Network */ = {
			isa = PBXGroup;
			children = (
				0D87E3681F471E1A004A9579 /* Entities_Images.swift */,
			);
			name = Network;
			sourceTree = "<group>";
		};
		0D8BD8581F39D0FF00161494 /* Storyboards */ = {
			isa = PBXGroup;
			children = (
				0D80F0821F3471A0001070C6 /* LaunchScreen.storyboard */,
				0D80F07D1F3471A0001070C6 /* Main.storyboard */,
				0D1C82211F37132C00449F93 /* MovieFlow.storyboard */,
			);
			name = Storyboards;
			sourceTree = "<group>";
		};
		0D8BD8591F39D13200161494 /* Xibs */ = {
			isa = PBXGroup;
			children = (
				0D1C822D1F37472F00449F93 /* actorItemCell.swift */,
				0D1C822E1F37472F00449F93 /* actorItemCell.xib */,
				0D87E3741F484D13004A9579 /* AdditionalDetailInfo.swift */,
				0D87E3751F484D13004A9579 /* AdditionalDetailInfo.xib */,
				0D87E3781F484E71004A9579 /* carouselHeaderOnelinerTableViewCell.swift */,
				0D87E3791F484E71004A9579 /* carouselHeaderOnelinerTableViewCell.xib */,
				0D87E36C1F484204004A9579 /* CarouselLabelTableViewCell.swift */,
				0D87E36D1F484204004A9579 /* CarouselLabelTableViewCell.xib */,
				0D80F0AC1F34C670001070C6 /* MovieCarouselTableViewCell.swift */,
				0D80F0AD1F34C670001070C6 /* MovieCarouselTableViewCell.xib */,
				0DA93E181F384FD9006BE8D5 /* MovieCollectionViewCell.swift */,
				0DA93E1A1F384FE8006BE8D5 /* MovieCollectionViewCell.xib */,
				0D87E3701F484B85004A9579 /* MovieDescriptionTableViewCell.swift */,
				0D87E3711F484B85004A9579 /* MovieDescriptionTableViewCell.xib */,
				0D87E37C1F485419004A9579 /* PictureWithTitleCollectionViewCell.swift */,
				0D87E37D1F485419004A9579 /* PictureWithTitleCollectionViewCell.xib */,
				0D87E3861F4856BB004A9579 /* ReviewTableViewCell.swift */,
				0D87E3871F4856BB004A9579 /* ReviewTableViewCell.xib */,
				0D1C82291F3744B600449F93 /* searchItemCellTableViewCell.swift */,
				0D1C822A1F3744B600449F93 /* searchItemCellTableViewCell.xib */,
				0D87E3801F4855CA004A9579 /* VideoTableViewCell.swift */,
				0D87E3811F4855CA004A9579 /* VideoTableViewCell.xib */,
			);
			name = Xibs;
			sourceTree = "<group>";
		};
		7BC2B72E76EFA118BE2D8EA6 /* Frameworks */ = {
			isa = PBXGroup;
			children = (
				B9E4E14C5B231F5C8047D668 /* Pods_Moovie_Beta.framework */,
			);
			name = Frameworks;
			sourceTree = "<group>";
		};
		B764ED28BACDE7C0FCA8E730 /* Pods */ = {
			isa = PBXGroup;
			children = (
				A5A39984C4004947B692A039 /* Pods-Moovie_Beta.debug.xcconfig */,
				2097077F9C12423409740918 /* Pods-Moovie_Beta.release.xcconfig */,
			);
			name = Pods;
			sourceTree = "<group>";
		};
/* End PBXGroup section */

/* Begin PBXNativeTarget section */
		0D80F0751F3471A0001070C6 /* Moovie_Beta */ = {
			isa = PBXNativeTarget;
			buildConfigurationList = 0D80F09E1F3471A0001070C6 /* Build configuration list for PBXNativeTarget "Moovie_Beta" */;
			buildPhases = (
				2131AB173785AA181A7FED1B /* [CP] Check Pods Manifest.lock */,
				0D80F0721F3471A0001070C6 /* Sources */,
				0D80F0731F3471A0001070C6 /* Frameworks */,
				0D80F0741F3471A0001070C6 /* Resources */,
				E45EC1D1A11B1CE1DCF352CF /* [CP] Embed Pods Frameworks */,
				5C2081D9A078C5A1011AAC65 /* [CP] Copy Pods Resources */,
			);
			buildRules = (
			);
			dependencies = (
			);
			name = Moovie_Beta;
			productName = Moovie_Beta;
			productReference = 0D80F0761F3471A0001070C6 /* Moovie_Beta.app */;
			productType = "com.apple.product-type.application";
		};
		0D80F0891F3471A0001070C6 /* Moovie_BetaTests */ = {
			isa = PBXNativeTarget;
			buildConfigurationList = 0D80F0A11F3471A0001070C6 /* Build configuration list for PBXNativeTarget "Moovie_BetaTests" */;
			buildPhases = (
				0D80F0861F3471A0001070C6 /* Sources */,
				0D80F0871F3471A0001070C6 /* Frameworks */,
				0D80F0881F3471A0001070C6 /* Resources */,
			);
			buildRules = (
			);
			dependencies = (
				0D80F08C1F3471A0001070C6 /* PBXTargetDependency */,
			);
			name = Moovie_BetaTests;
			productName = Moovie_BetaTests;
			productReference = 0D80F08A1F3471A0001070C6 /* Moovie_BetaTests.xctest */;
			productType = "com.apple.product-type.bundle.unit-test";
		};
		0D80F0941F3471A0001070C6 /* Moovie_BetaUITests */ = {
			isa = PBXNativeTarget;
			buildConfigurationList = 0D80F0A41F3471A0001070C6 /* Build configuration list for PBXNativeTarget "Moovie_BetaUITests" */;
			buildPhases = (
				0D80F0911F3471A0001070C6 /* Sources */,
				0D80F0921F3471A0001070C6 /* Frameworks */,
				0D80F0931F3471A0001070C6 /* Resources */,
			);
			buildRules = (
			);
			dependencies = (
				0D80F0971F3471A0001070C6 /* PBXTargetDependency */,
			);
			name = Moovie_BetaUITests;
			productName = Moovie_BetaUITests;
			productReference = 0D80F0951F3471A0001070C6 /* Moovie_BetaUITests.xctest */;
			productType = "com.apple.product-type.bundle.ui-testing";
		};
/* End PBXNativeTarget section */

/* Begin PBXProject section */
		0D80F06E1F3471A0001070C6 /* Project object */ = {
			isa = PBXProject;
			attributes = {
				LastSwiftUpdateCheck = 0830;
				LastUpgradeCheck = 0830;
				ORGANIZATIONNAME = "Gruberova, Daniela";
				TargetAttributes = {
					0D80F0751F3471A0001070C6 = {
						CreatedOnToolsVersion = 8.3.3;
						ProvisioningStyle = Automatic;
					};
					0D80F0891F3471A0001070C6 = {
						CreatedOnToolsVersion = 8.3.3;
						ProvisioningStyle = Automatic;
						TestTargetID = 0D80F0751F3471A0001070C6;
					};
					0D80F0941F3471A0001070C6 = {
						CreatedOnToolsVersion = 8.3.3;
						ProvisioningStyle = Automatic;
						TestTargetID = 0D80F0751F3471A0001070C6;
					};
				};
			};
			buildConfigurationList = 0D80F0711F3471A0001070C6 /* Build configuration list for PBXProject "Moovie_Beta" */;
			compatibilityVersion = "Xcode 3.2";
			developmentRegion = English;
			hasScannedForEncodings = 0;
			knownRegions = (
				en,
				Base,
			);
			mainGroup = 0D80F06D1F3471A0001070C6;
			productRefGroup = 0D80F0771F3471A0001070C6 /* Products */;
			projectDirPath = "";
			projectRoot = "";
			targets = (
				0D80F0751F3471A0001070C6 /* Moovie_Beta */,
				0D80F0891F3471A0001070C6 /* Moovie_BetaTests */,
				0D80F0941F3471A0001070C6 /* Moovie_BetaUITests */,
			);
		};
/* End PBXProject section */

/* Begin PBXResourcesBuildPhase section */
		0D80F0741F3471A0001070C6 /* Resources */ = {
			isa = PBXResourcesBuildPhase;
			buildActionMask = 2147483647;
			files = (
				0D87E37B1F484E71004A9579 /* carouselHeaderOnelinerTableViewCell.xib in Resources */,
				0D80F0AF1F34C670001070C6 /* MovieCarouselTableViewCell.xib in Resources */,
				0D1C822C1F3744B600449F93 /* searchItemCellTableViewCell.xib in Resources */,
				0D1C82301F37472F00449F93 /* actorItemCell.xib in Resources */,
				0D6347431F42118A0032B7A0 /* Calibre-ThinItalic.otf in Resources */,
				0D87E3891F4856BC004A9579 /* ReviewTableViewCell.xib in Resources */,
				0D63473F1F42118A0032B7A0 /* Calibre-RegularItalic.otf in Resources */,
				0D87E3771F484D13004A9579 /* AdditionalDetailInfo.xib in Resources */,
				0D63473A1F42118A0032B7A0 /* Calibre-Light.otf in Resources */,
				0D1C82221F37132C00449F93 /* MovieFlow.storyboard in Resources */,
				0D63473D1F42118A0032B7A0 /* Calibre-MediumItalic.otf in Resources */,
				0D6347371F42118A0032B7A0 /* Calibre-BlackItalic.otf in Resources */,
				0D6347421F42118A0032B7A0 /* Calibre-Thin.otf in Resources */,
				0D80F0841F3471A0001070C6 /* LaunchScreen.storyboard in Resources */,
				0D6347381F42118A0032B7A0 /* Calibre-Bold.otf in Resources */,
				0D63473C1F42118A0032B7A0 /* Calibre-Medium.otf in Resources */,
				0D87E3731F484B85004A9579 /* MovieDescriptionTableViewCell.xib in Resources */,
				0D63473E1F42118A0032B7A0 /* Calibre-Regular.otf in Resources */,
				0D6347391F42118A0032B7A0 /* Calibre-BoldItalic.otf in Resources */,
				0D63473B1F42118A0032B7A0 /* Calibre-LightItalic.otf in Resources */,
				0D87E37F1F485419004A9579 /* PictureWithTitleCollectionViewCell.xib in Resources */,
				0DA93E1B1F384FE8006BE8D5 /* MovieCollectionViewCell.xib in Resources */,
				0D87E3831F4855CA004A9579 /* VideoTableViewCell.xib in Resources */,
				0D80F0811F3471A0001070C6 /* Assets.xcassets in Resources */,
				0D80F07F1F3471A0001070C6 /* Main.storyboard in Resources */,
				0D6347411F42118A0032B7A0 /* Calibre-SemiboldItalic.otf in Resources */,
				0D87E36F1F484204004A9579 /* CarouselLabelTableViewCell.xib in Resources */,
				0D6347401F42118A0032B7A0 /* Calibre-Semibold.otf in Resources */,
				0D6347361F42118A0032B7A0 /* Calibre-Black.otf in Resources */,
			);
			runOnlyForDeploymentPostprocessing = 0;
		};
		0D80F0881F3471A0001070C6 /* Resources */ = {
			isa = PBXResourcesBuildPhase;
			buildActionMask = 2147483647;
			files = (
			);
			runOnlyForDeploymentPostprocessing = 0;
		};
		0D80F0931F3471A0001070C6 /* Resources */ = {
			isa = PBXResourcesBuildPhase;
			buildActionMask = 2147483647;
			files = (
			);
			runOnlyForDeploymentPostprocessing = 0;
		};
/* End PBXResourcesBuildPhase section */

/* Begin PBXShellScriptBuildPhase section */
		2131AB173785AA181A7FED1B /* [CP] Check Pods Manifest.lock */ = {
			isa = PBXShellScriptBuildPhase;
			buildActionMask = 2147483647;
			files = (
			);
			inputPaths = (
				"${PODS_PODFILE_DIR_PATH}/Podfile.lock",
				"${PODS_ROOT}/Manifest.lock",
			);
			name = "[CP] Check Pods Manifest.lock";
			outputPaths = (
				"$(DERIVED_FILE_DIR)/Pods-Moovie_Beta-checkManifestLockResult.txt",
			);
			runOnlyForDeploymentPostprocessing = 0;
			shellPath = /bin/sh;
			shellScript = "diff \"${PODS_PODFILE_DIR_PATH}/Podfile.lock\" \"${PODS_ROOT}/Manifest.lock\" > /dev/null\nif [ $? != 0 ] ; then\n    # print error to STDERR\n    echo \"error: The sandbox is not in sync with the Podfile.lock. Run 'pod install' or update your CocoaPods installation.\" >&2\n    exit 1\nfi\n# This output is used by Xcode 'outputs' to avoid re-running this script phase.\necho \"SUCCESS\" > \"${SCRIPT_OUTPUT_FILE_0}\"\n";
			showEnvVarsInLog = 0;
		};
		5C2081D9A078C5A1011AAC65 /* [CP] Copy Pods Resources */ = {
			isa = PBXShellScriptBuildPhase;
			buildActionMask = 2147483647;
			files = (
			);
			inputPaths = (
			);
			name = "[CP] Copy Pods Resources";
			outputPaths = (
			);
			runOnlyForDeploymentPostprocessing = 0;
			shellPath = /bin/sh;
			shellScript = "\"${SRCROOT}/Pods/Target Support Files/Pods-Moovie_Beta/Pods-Moovie_Beta-resources.sh\"\n";
			showEnvVarsInLog = 0;
		};
		E45EC1D1A11B1CE1DCF352CF /* [CP] Embed Pods Frameworks */ = {
			isa = PBXShellScriptBuildPhase;
			buildActionMask = 2147483647;
			files = (
			);
			inputPaths = (
				"${SRCROOT}/Pods/Target Support Files/Pods-Moovie_Beta/Pods-Moovie_Beta-frameworks.sh",
				"${BUILT_PRODUCTS_DIR}/Alamofire/Alamofire.framework",
				"${BUILT_PRODUCTS_DIR}/AlamofireNetworkActivityIndicator/AlamofireNetworkActivityIndicator.framework",
				"${BUILT_PRODUCTS_DIR}/Material/Material.framework",
				"${BUILT_PRODUCTS_DIR}/SwiftCarousel/SwiftCarousel.framework",
				"${BUILT_PRODUCTS_DIR}/Unbox/Unbox.framework",
				"${BUILT_PRODUCTS_DIR}/UnboxedAlamofire/UnboxedAlamofire.framework",
			);
			name = "[CP] Embed Pods Frameworks";
			outputPaths = (
				"${TARGET_BUILD_DIR}/${FRAMEWORKS_FOLDER_PATH}/Alamofire.framework",
				"${TARGET_BUILD_DIR}/${FRAMEWORKS_FOLDER_PATH}/AlamofireNetworkActivityIndicator.framework",
				"${TARGET_BUILD_DIR}/${FRAMEWORKS_FOLDER_PATH}/Material.framework",
				"${TARGET_BUILD_DIR}/${FRAMEWORKS_FOLDER_PATH}/SwiftCarousel.framework",
				"${TARGET_BUILD_DIR}/${FRAMEWORKS_FOLDER_PATH}/Unbox.framework",
				"${TARGET_BUILD_DIR}/${FRAMEWORKS_FOLDER_PATH}/UnboxedAlamofire.framework",
			);
			runOnlyForDeploymentPostprocessing = 0;
			shellPath = /bin/sh;
			shellScript = "\"${SRCROOT}/Pods/Target Support Files/Pods-Moovie_Beta/Pods-Moovie_Beta-frameworks.sh\"\n";
			showEnvVarsInLog = 0;
		};
/* End PBXShellScriptBuildPhase section */

/* Begin PBXSourcesBuildPhase section */
		0D80F0721F3471A0001070C6 /* Sources */ = {
			isa = PBXSourcesBuildPhase;
			buildActionMask = 2147483647;
			files = (
				0D87E36B1F471E46004A9579 /* Entities_Actor.swift in Sources */,
				0D87E3761F484D13004A9579 /* AdditionalDetailInfo.swift in Sources */,
				0D87E3671F47164D004A9579 /* Entities_Movie.swift in Sources */,
				0D8BD8631F3A155F00161494 /* SearchToggleViewController.swift in Sources */,
				0D87E37E1F485419004A9579 /* PictureWithTitleCollectionViewCell.swift in Sources */,
				0D87E3721F484B85004A9579 /* MovieDescriptionTableViewCell.swift in Sources */,
				0D088F441F50316E001BD835 /* GenreSource.swift in Sources */,
				0D87E37A1F484E71004A9579 /* carouselHeaderOnelinerTableViewCell.swift in Sources */,
				0D088F461F50317D001BD835 /* GenreManager.swift in Sources */,
				0D1C82201F362AE400449F93 /* ForgotPasswordViewController.swift in Sources */,
				0D8BD85F1F39FE3E00161494 /* ActorsOverviewVC.swift in Sources */,
				0D6347261F40A8A70032B7A0 /* Routers.swift in Sources */,
				0D8BD8661F3A569600161494 /* filterCellTableViewCell.swift in Sources */,
				0D088F401F503054001BD835 /* APIResults.swift in Sources */,
				0D1C822F1F37472F00449F93 /* actorItemCell.swift in Sources */,
				0D088F421F503083001BD835 /* MovieSource.swift in Sources */,
				0D8BD86A1F3B1BBC00161494 /* CustomTapBarViewController.swift in Sources */,
				0D8BD8701F3DD08E00161494 /* ProfileViewController.swift in Sources */,
				0D87E3821F4855CA004A9579 /* VideoTableViewCell.swift in Sources */,
				0D1C821E1F362AD100449F93 /* LoginViewController.swift in Sources */,
				0DA93E191F384FD9006BE8D5 /* MovieCollectionViewCell.swift in Sources */,
				0D51BC701F4380F20085AD75 /* MovieDetailVC.swift in Sources */,
				0D088F3E1F502D5E001BD835 /* MovieListViewModel.swift in Sources */,
				0D80F0B71F361AC0001070C6 /* SignUpViewController.swift in Sources */,
				0D088F391F50270B001BD835 /* Constants.swift in Sources */,
				0DC8A4031F548B4E00FEA58A /* ActorSearchViewModel.swift in Sources */,
				0D1C82241F371E8600449F93 /* SearchViewController.swift in Sources */,
				0D80F0AE1F34C670001070C6 /* MovieCarouselTableViewCell.swift in Sources */,
				0D87E36E1F484204004A9579 /* CarouselLabelTableViewCell.swift in Sources */,
				0D8BD85D1F39F98C00161494 /* FilterVC.swift in Sources */,
				0D8BD8611F3A06E600161494 /* MyViewCellCollectionViewCell.swift in Sources */,
				0D0E83591F3E07BA00409A3B /* SearchToggleActorsViewController.swift in Sources */,
				0D80F07C1F3471A0001070C6 /* ViewController.swift in Sources */,
				0D8BD86C1F3D96A300161494 /* CustomNavBarViewController.swift in Sources */,
				0D8BD85B1F39F6E900161494 /* ActorDetailVC.swift in Sources */,
				0D088F4A1F5051EA001BD835 /* ActorDetailViewModel.swift in Sources */,
				0D1C822B1F3744B600449F93 /* searchItemCellTableViewCell.swift in Sources */,
				0D088F4C1F506039001BD835 /* MovieDetailViewModel.swift in Sources */,
				0D87E3691F471E1A004A9579 /* Entities_Images.swift in Sources */,
				0D088F4E1F51931D001BD835 /* ActorPopularViewModel.swift in Sources */,
				0D80F0B11F34C7B4001070C6 /* OverviewViewController.swift in Sources */,
				0D87E3881F4856BC004A9579 /* ReviewTableViewCell.swift in Sources */,
				0D80F07A1F3471A0001070C6 /* AppDelegate.swift in Sources */,
				0D088F481F504BBB001BD835 /* ActorSource.swift in Sources */,
				0D80F0AB1F34C2BC001070C6 /* HomeViewController.swift in Sources */,
				0DC8A4051F548BF200FEA58A /* MovieSearchViewModel.swift in Sources */,
			);
			runOnlyForDeploymentPostprocessing = 0;
		};
		0D80F0861F3471A0001070C6 /* Sources */ = {
			isa = PBXSourcesBuildPhase;
			buildActionMask = 2147483647;
			files = (
				0D80F08F1F3471A0001070C6 /* Moovie_BetaTests.swift in Sources */,
			);
			runOnlyForDeploymentPostprocessing = 0;
		};
		0D80F0911F3471A0001070C6 /* Sources */ = {
			isa = PBXSourcesBuildPhase;
			buildActionMask = 2147483647;
			files = (
				0D80F09A1F3471A0001070C6 /* Moovie_BetaUITests.swift in Sources */,
			);
			runOnlyForDeploymentPostprocessing = 0;
		};
/* End PBXSourcesBuildPhase section */

/* Begin PBXTargetDependency section */
		0D80F08C1F3471A0001070C6 /* PBXTargetDependency */ = {
			isa = PBXTargetDependency;
			target = 0D80F0751F3471A0001070C6 /* Moovie_Beta */;
			targetProxy = 0D80F08B1F3471A0001070C6 /* PBXContainerItemProxy */;
		};
		0D80F0971F3471A0001070C6 /* PBXTargetDependency */ = {
			isa = PBXTargetDependency;
			target = 0D80F0751F3471A0001070C6 /* Moovie_Beta */;
			targetProxy = 0D80F0961F3471A0001070C6 /* PBXContainerItemProxy */;
		};
/* End PBXTargetDependency section */

/* Begin PBXVariantGroup section */
		0D80F07D1F3471A0001070C6 /* Main.storyboard */ = {
			isa = PBXVariantGroup;
			children = (
				0D80F07E1F3471A0001070C6 /* Base */,
			);
			name = Main.storyboard;
			sourceTree = "<group>";
		};
		0D80F0821F3471A0001070C6 /* LaunchScreen.storyboard */ = {
			isa = PBXVariantGroup;
			children = (
				0D80F0831F3471A0001070C6 /* Base */,
			);
			name = LaunchScreen.storyboard;
			sourceTree = "<group>";
		};
/* End PBXVariantGroup section */

/* Begin XCBuildConfiguration section */
		0D80F09C1F3471A0001070C6 /* Debug */ = {
			isa = XCBuildConfiguration;
			buildSettings = {
				ALWAYS_SEARCH_USER_PATHS = NO;
				CLANG_ANALYZER_NONNULL = YES;
				CLANG_ANALYZER_NUMBER_OBJECT_CONVERSION = YES_AGGRESSIVE;
				CLANG_CXX_LANGUAGE_STANDARD = "gnu++0x";
				CLANG_CXX_LIBRARY = "libc++";
				CLANG_ENABLE_MODULES = YES;
				CLANG_ENABLE_OBJC_ARC = YES;
				CLANG_WARN_BOOL_CONVERSION = YES;
				CLANG_WARN_CONSTANT_CONVERSION = YES;
				CLANG_WARN_DIRECT_OBJC_ISA_USAGE = YES_ERROR;
				CLANG_WARN_DOCUMENTATION_COMMENTS = YES;
				CLANG_WARN_EMPTY_BODY = YES;
				CLANG_WARN_ENUM_CONVERSION = YES;
				CLANG_WARN_INFINITE_RECURSION = YES;
				CLANG_WARN_INT_CONVERSION = YES;
				CLANG_WARN_OBJC_ROOT_CLASS = YES_ERROR;
				CLANG_WARN_SUSPICIOUS_MOVE = YES;
				CLANG_WARN_UNREACHABLE_CODE = YES;
				CLANG_WARN__DUPLICATE_METHOD_MATCH = YES;
				"CODE_SIGN_IDENTITY[sdk=iphoneos*]" = "iPhone Developer";
				COPY_PHASE_STRIP = NO;
				DEBUG_INFORMATION_FORMAT = dwarf;
				ENABLE_STRICT_OBJC_MSGSEND = YES;
				ENABLE_TESTABILITY = YES;
				GCC_C_LANGUAGE_STANDARD = gnu99;
				GCC_DYNAMIC_NO_PIC = NO;
				GCC_NO_COMMON_BLOCKS = YES;
				GCC_OPTIMIZATION_LEVEL = 0;
				GCC_PREPROCESSOR_DEFINITIONS = (
					"DEBUG=1",
					"$(inherited)",
				);
				GCC_WARN_64_TO_32_BIT_CONVERSION = YES;
				GCC_WARN_ABOUT_RETURN_TYPE = YES_ERROR;
				GCC_WARN_UNDECLARED_SELECTOR = YES;
				GCC_WARN_UNINITIALIZED_AUTOS = YES_AGGRESSIVE;
				GCC_WARN_UNUSED_FUNCTION = YES;
				GCC_WARN_UNUSED_VARIABLE = YES;
				IPHONEOS_DEPLOYMENT_TARGET = 10.3;
				MTL_ENABLE_DEBUG_INFO = YES;
				ONLY_ACTIVE_ARCH = YES;
				SDKROOT = iphoneos;
				SWIFT_ACTIVE_COMPILATION_CONDITIONS = DEBUG;
				SWIFT_OPTIMIZATION_LEVEL = "-Onone";
				TARGETED_DEVICE_FAMILY = "1,2";
			};
			name = Debug;
		};
		0D80F09D1F3471A0001070C6 /* Release */ = {
			isa = XCBuildConfiguration;
			buildSettings = {
				ALWAYS_SEARCH_USER_PATHS = NO;
				CLANG_ANALYZER_NONNULL = YES;
				CLANG_ANALYZER_NUMBER_OBJECT_CONVERSION = YES_AGGRESSIVE;
				CLANG_CXX_LANGUAGE_STANDARD = "gnu++0x";
				CLANG_CXX_LIBRARY = "libc++";
				CLANG_ENABLE_MODULES = YES;
				CLANG_ENABLE_OBJC_ARC = YES;
				CLANG_WARN_BOOL_CONVERSION = YES;
				CLANG_WARN_CONSTANT_CONVERSION = YES;
				CLANG_WARN_DIRECT_OBJC_ISA_USAGE = YES_ERROR;
				CLANG_WARN_DOCUMENTATION_COMMENTS = YES;
				CLANG_WARN_EMPTY_BODY = YES;
				CLANG_WARN_ENUM_CONVERSION = YES;
				CLANG_WARN_INFINITE_RECURSION = YES;
				CLANG_WARN_INT_CONVERSION = YES;
				CLANG_WARN_OBJC_ROOT_CLASS = YES_ERROR;
				CLANG_WARN_SUSPICIOUS_MOVE = YES;
				CLANG_WARN_UNREACHABLE_CODE = YES;
				CLANG_WARN__DUPLICATE_METHOD_MATCH = YES;
				"CODE_SIGN_IDENTITY[sdk=iphoneos*]" = "iPhone Developer";
				COPY_PHASE_STRIP = NO;
				DEBUG_INFORMATION_FORMAT = "dwarf-with-dsym";
				ENABLE_NS_ASSERTIONS = NO;
				ENABLE_STRICT_OBJC_MSGSEND = YES;
				GCC_C_LANGUAGE_STANDARD = gnu99;
				GCC_NO_COMMON_BLOCKS = YES;
				GCC_WARN_64_TO_32_BIT_CONVERSION = YES;
				GCC_WARN_ABOUT_RETURN_TYPE = YES_ERROR;
				GCC_WARN_UNDECLARED_SELECTOR = YES;
				GCC_WARN_UNINITIALIZED_AUTOS = YES_AGGRESSIVE;
				GCC_WARN_UNUSED_FUNCTION = YES;
				GCC_WARN_UNUSED_VARIABLE = YES;
				IPHONEOS_DEPLOYMENT_TARGET = 10.3;
				MTL_ENABLE_DEBUG_INFO = NO;
				SDKROOT = iphoneos;
				SWIFT_OPTIMIZATION_LEVEL = "-Owholemodule";
				TARGETED_DEVICE_FAMILY = "1,2";
				VALIDATE_PRODUCT = YES;
			};
			name = Release;
		};
		0D80F09F1F3471A0001070C6 /* Debug */ = {
			isa = XCBuildConfiguration;
			baseConfigurationReference = A5A39984C4004947B692A039 /* Pods-Moovie_Beta.debug.xcconfig */;
			buildSettings = {
				ASSETCATALOG_COMPILER_APPICON_NAME = AppIcon;
				INFOPLIST_FILE = Moovie_Beta/Info.plist;
				LD_RUNPATH_SEARCH_PATHS = "$(inherited) @executable_path/Frameworks";
				PRODUCT_BUNDLE_IDENTIFIER = "Daniela.Moovie-Beta";
				PRODUCT_NAME = "$(TARGET_NAME)";
				SWIFT_VERSION = 3.0;
			};
			name = Debug;
		};
		0D80F0A01F3471A0001070C6 /* Release */ = {
			isa = XCBuildConfiguration;
			baseConfigurationReference = 2097077F9C12423409740918 /* Pods-Moovie_Beta.release.xcconfig */;
			buildSettings = {
				ASSETCATALOG_COMPILER_APPICON_NAME = AppIcon;
				INFOPLIST_FILE = Moovie_Beta/Info.plist;
				LD_RUNPATH_SEARCH_PATHS = "$(inherited) @executable_path/Frameworks";
				PRODUCT_BUNDLE_IDENTIFIER = "Daniela.Moovie-Beta";
				PRODUCT_NAME = "$(TARGET_NAME)";
				SWIFT_VERSION = 3.0;
			};
			name = Release;
		};
		0D80F0A21F3471A0001070C6 /* Debug */ = {
			isa = XCBuildConfiguration;
			buildSettings = {
				ALWAYS_EMBED_SWIFT_STANDARD_LIBRARIES = YES;
				BUNDLE_LOADER = "$(TEST_HOST)";
				INFOPLIST_FILE = Moovie_BetaTests/Info.plist;
				LD_RUNPATH_SEARCH_PATHS = "$(inherited) @executable_path/Frameworks @loader_path/Frameworks";
				PRODUCT_BUNDLE_IDENTIFIER = "Daniela.Moovie-BetaTests";
				PRODUCT_NAME = "$(TARGET_NAME)";
				SWIFT_VERSION = 3.0;
				TEST_HOST = "$(BUILT_PRODUCTS_DIR)/Moovie_Beta.app/Moovie_Beta";
			};
			name = Debug;
		};
		0D80F0A31F3471A0001070C6 /* Release */ = {
			isa = XCBuildConfiguration;
			buildSettings = {
				ALWAYS_EMBED_SWIFT_STANDARD_LIBRARIES = YES;
				BUNDLE_LOADER = "$(TEST_HOST)";
				INFOPLIST_FILE = Moovie_BetaTests/Info.plist;
				LD_RUNPATH_SEARCH_PATHS = "$(inherited) @executable_path/Frameworks @loader_path/Frameworks";
				PRODUCT_BUNDLE_IDENTIFIER = "Daniela.Moovie-BetaTests";
				PRODUCT_NAME = "$(TARGET_NAME)";
				SWIFT_VERSION = 3.0;
				TEST_HOST = "$(BUILT_PRODUCTS_DIR)/Moovie_Beta.app/Moovie_Beta";
			};
			name = Release;
		};
		0D80F0A51F3471A0001070C6 /* Debug */ = {
			isa = XCBuildConfiguration;
			buildSettings = {
				ALWAYS_EMBED_SWIFT_STANDARD_LIBRARIES = YES;
				INFOPLIST_FILE = Moovie_BetaUITests/Info.plist;
				LD_RUNPATH_SEARCH_PATHS = "$(inherited) @executable_path/Frameworks @loader_path/Frameworks";
				PRODUCT_BUNDLE_IDENTIFIER = "Daniela.Moovie-BetaUITests";
				PRODUCT_NAME = "$(TARGET_NAME)";
				SWIFT_VERSION = 3.0;
				TEST_TARGET_NAME = Moovie_Beta;
			};
			name = Debug;
		};
		0D80F0A61F3471A0001070C6 /* Release */ = {
			isa = XCBuildConfiguration;
			buildSettings = {
				ALWAYS_EMBED_SWIFT_STANDARD_LIBRARIES = YES;
				INFOPLIST_FILE = Moovie_BetaUITests/Info.plist;
				LD_RUNPATH_SEARCH_PATHS = "$(inherited) @executable_path/Frameworks @loader_path/Frameworks";
				PRODUCT_BUNDLE_IDENTIFIER = "Daniela.Moovie-BetaUITests";
				PRODUCT_NAME = "$(TARGET_NAME)";
				SWIFT_VERSION = 3.0;
				TEST_TARGET_NAME = Moovie_Beta;
			};
			name = Release;
		};
/* End XCBuildConfiguration section */

/* Begin XCConfigurationList section */
		0D80F0711F3471A0001070C6 /* Build configuration list for PBXProject "Moovie_Beta" */ = {
			isa = XCConfigurationList;
			buildConfigurations = (
				0D80F09C1F3471A0001070C6 /* Debug */,
				0D80F09D1F3471A0001070C6 /* Release */,
			);
			defaultConfigurationIsVisible = 0;
			defaultConfigurationName = Release;
		};
		0D80F09E1F3471A0001070C6 /* Build configuration list for PBXNativeTarget "Moovie_Beta" */ = {
			isa = XCConfigurationList;
			buildConfigurations = (
				0D80F09F1F3471A0001070C6 /* Debug */,
				0D80F0A01F3471A0001070C6 /* Release */,
			);
			defaultConfigurationIsVisible = 0;
			defaultConfigurationName = Release;
		};
		0D80F0A11F3471A0001070C6 /* Build configuration list for PBXNativeTarget "Moovie_BetaTests" */ = {
			isa = XCConfigurationList;
			buildConfigurations = (
				0D80F0A21F3471A0001070C6 /* Debug */,
				0D80F0A31F3471A0001070C6 /* Release */,
			);
			defaultConfigurationIsVisible = 0;
			defaultConfigurationName = Release;
		};
		0D80F0A41F3471A0001070C6 /* Build configuration list for PBXNativeTarget "Moovie_BetaUITests" */ = {
			isa = XCConfigurationList;
			buildConfigurations = (
				0D80F0A51F3471A0001070C6 /* Debug */,
				0D80F0A61F3471A0001070C6 /* Release */,
			);
			defaultConfigurationIsVisible = 0;
			defaultConfigurationName = Release;
		};
/* End XCConfigurationList section */
	};
	rootObject = 0D80F06E1F3471A0001070C6 /* Project object */;
}
